
Microsoft Visual Studio Solution File, Format Version 12.00
# Visual Studio 15
VisualStudioVersion = 15.0.27004.2006
MinimumVisualStudioVersion = 10.0.40219.1
Project("{888888A0-9F3D-457C-B088-3A5042F75D52}") = "SentimentAnalysisUsingIBMWatsonAPI", "SentimentAnalysisUsingIBMWatsonAPI\SentimentAnalysisUsingIBMWatsonAPI.pyproj", "{22D63D2F-BA4A-4765-A8FF-C3FDD33C0DAD}"
EndProject
Global
	GlobalSection(SolutionConfigurationPlatforms) = preSolution
		Debug|Any CPU = Debug|Any CPU
		Release|Any CPU = Release|Any CPU
	EndGlobalSection
	GlobalSection(ProjectConfigurationPlatforms) = postSolution
		{22D63D2F-BA4A-4765-A8FF-C3FDD33C0DAD}.Debug|Any CPU.ActiveCfg = Debug|Any CPU
		{22D63D2F-BA4A-4765-A8FF-C3FDD33C0DAD}.Release|Any CPU.ActiveCfg = Release|Any CPU
	EndGlobalSection
	GlobalSection(SolutionProperties) = preSolution
		HideSolutionNode = FALSE
	EndGlobalSection
	GlobalSection(ExtensibilityGlobals) = postSolution
		SolutionGuid = {6336F350-0A0E-4161-8404-CE01A44788A0}
	EndGlobalSection
EndGlobal
